
Microsoft Visual Studio Solution File, Format Version 10.00
# Visual Studio 2008
Project("{FAE04EC0-301F-11D3-BF4B-00C04F79EFBC}") = "学生成绩管理系统", "学生成绩管理系统\学生成绩管理系统.csproj", "{184C8093-E206-4A1C-A94E-2B31C2BA8E31}"
EndProject
Global
	GlobalSection(SolutionConfigurationPlatforms) = preSolution
		Debug|Any CPU = Debug|Any CPU
		Release|Any CPU = Release|Any CPU
	EndGlobalSection
	GlobalSection(ProjectConfigurationPlatforms) = postSolution
		{184C8093-E206-4A1C-A94E-2B31C2BA8E31}.Debug|Any CPU.ActiveCfg = Debug|Any CPU
		{184C8093-E206-4A1C-A94E-2B31C2BA8E31}.Debug|Any CPU.Build.0 = Debug|Any CPU
		{184C8093-E206-4A1C-A94E-2B31C2BA8E31}.Release|Any CPU.ActiveCfg = Release|Any CPU
		{184C8093-E206-4A1C-A94E-2B31C2BA8E31}.Release|Any CPU.Build.0 = Release|Any CPU
	EndGlobalSection
	GlobalSection(SolutionProperties) = preSolution
		HideSolutionNode = FALSE
	EndGlobalSection
EndGlobal
